
Microsoft Visual Studio Solution File, Format Version 10.00
# Visual C# Express 2008
Project("{FAE04EC0-301F-11D3-BF4B-00C04F79EFBC}") = "XSonic", "XSonic\XSonic.csproj", "{24E06460-17F4-4CCE-AA45-F1D464B65E27}"
EndProject
Global
	GlobalSection(SolutionConfigurationPlatforms) = preSolution
		Debug|x86 = Debug|x86
		Release|x86 = Release|x86
	EndGlobalSection
	GlobalSection(ProjectConfigurationPlatforms) = postSolution
		{24E06460-17F4-4CCE-AA45-F1D464B65E27}.Debug|x86.ActiveCfg = Debug|x86
		{24E06460-17F4-4CCE-AA45-F1D464B65E27}.Debug|x86.Build.0 = Debug|x86
		{24E06460-17F4-4CCE-AA45-F1D464B65E27}.Release|x86.ActiveCfg = Release|x86
		{24E06460-17F4-4CCE-AA45-F1D464B65E27}.Release|x86.Build.0 = Release|x86
		{17D612C4-DD0C-4804-AE9A-23ABAB7E76C6}.Debug|x86.ActiveCfg = Debug|x86
		{17D612C4-DD0C-4804-AE9A-23ABAB7E76C6}.Release|x86.ActiveCfg = Release|x86
	EndGlobalSection
	GlobalSection(SolutionProperties) = preSolution
		HideSolutionNode = FALSE
	EndGlobalSection
EndGlobal
